
Microsoft Visual Studio Solution File, Format Version 12.00
# Visual Studio Version 17
VisualStudioVersion = 17.0.31912.275
MinimumVisualStudioVersion = 10.0.40219.1
Project("{9A19103F-16F7-4668-BE54-9A1E7A4F7556}") = "Day01-01", "Day01-01\Day01-01.csproj", "{129D2D7F-FD03-46DE-9CDE-D50E795AA80E}"
EndProject
Project("{9A19103F-16F7-4668-BE54-9A1E7A4F7556}") = "Day01-02", "Day01-02\Day01-02.csproj", "{B52090C5-293D-4EE2-A53C-DA6FE5D7E3ED}"
EndProject
Project("{9A19103F-16F7-4668-BE54-9A1E7A4F7556}") = "Day02-01", "Day02-01\Day02-01.csproj", "{C0EDBAC8-3C29-4202-A880-96544A4B8A7C}"
EndProject
Project("{9A19103F-16F7-4668-BE54-9A1E7A4F7556}") = "Day02-02", "Day02-02\Day02-02.csproj", "{633D26BF-030C-48DB-B5B6-2410BAEBCCCE}"
EndProject
Project("{2150E333-8FDC-42A3-9474-1A3956D46DE8}") = "Solution Items", "Solution Items", "{C272642D-0367-4D8B-B08F-AA0B2CBBF845}"
	ProjectSection(SolutionItems) = preProject
		.gitattributes = .gitattributes
		.gitignore = .gitignore
	EndProjectSection
EndProject
Project("{9A19103F-16F7-4668-BE54-9A1E7A4F7556}") = "Day03-01", "Day03-01\Day03-01.csproj", "{D10E3D84-64C0-490C-BB5D-351E3F7DE4BE}"
EndProject
Project("{9A19103F-16F7-4668-BE54-9A1E7A4F7556}") = "Day03-02", "Day03-02\Day03-02.csproj", "{2EF0B4EE-3C89-4728-A8D0-A62D94496A78}"
EndProject
Project("{FAE04EC0-301F-11D3-BF4B-00C04F79EFBC}") = "Day04-01", "Day04-01\Day04-01.csproj", "{A4DAE7CD-33CA-4C12-8CB2-61FA7C320814}"
EndProject
Project("{FAE04EC0-301F-11D3-BF4B-00C04F79EFBC}") = "Day04-02", "Day04-02\Day04-02.csproj", "{C11B0F85-BE99-43B6-A423-0DF5B74EACEA}"
EndProject
Global
	GlobalSection(SolutionConfigurationPlatforms) = preSolution
		Debug|Any CPU = Debug|Any CPU
		Release|Any CPU = Release|Any CPU
	EndGlobalSection
	GlobalSection(ProjectConfigurationPlatforms) = postSolution
		{129D2D7F-FD03-46DE-9CDE-D50E795AA80E}.Debug|Any CPU.ActiveCfg = Debug|Any CPU
		{129D2D7F-FD03-46DE-9CDE-D50E795AA80E}.Debug|Any CPU.Build.0 = Debug|Any CPU
		{129D2D7F-FD03-46DE-9CDE-D50E795AA80E}.Release|Any CPU.ActiveCfg = Release|Any CPU
		{129D2D7F-FD03-46DE-9CDE-D50E795AA80E}.Release|Any CPU.Build.0 = Release|Any CPU
		{B52090C5-293D-4EE2-A53C-DA6FE5D7E3ED}.Debug|Any CPU.ActiveCfg = Debug|Any CPU
		{B52090C5-293D-4EE2-A53C-DA6FE5D7E3ED}.Debug|Any CPU.Build.0 = Debug|Any CPU
		{B52090C5-293D-4EE2-A53C-DA6FE5D7E3ED}.Release|Any CPU.ActiveCfg = Release|Any CPU
		{B52090C5-293D-4EE2-A53C-DA6FE5D7E3ED}.Release|Any CPU.Build.0 = Release|Any CPU
		{C0EDBAC8-3C29-4202-A880-96544A4B8A7C}.Debug|Any CPU.ActiveCfg = Debug|Any CPU
		{C0EDBAC8-3C29-4202-A880-96544A4B8A7C}.Debug|Any CPU.Build.0 = Debug|Any CPU
		{C0EDBAC8-3C29-4202-A880-96544A4B8A7C}.Release|Any CPU.ActiveCfg = Release|Any CPU
		{C0EDBAC8-3C29-4202-A880-96544A4B8A7C}.Release|Any CPU.Build.0 = Release|Any CPU
		{633D26BF-030C-48DB-B5B6-2410BAEBCCCE}.Debug|Any CPU.ActiveCfg = Debug|Any CPU
		{633D26BF-030C-48DB-B5B6-2410BAEBCCCE}.Debug|Any CPU.Build.0 = Debug|Any CPU
		{633D26BF-030C-48DB-B5B6-2410BAEBCCCE}.Release|Any CPU.ActiveCfg = Release|Any CPU
		{633D26BF-030C-48DB-B5B6-2410BAEBCCCE}.Release|Any CPU.Build.0 = Release|Any CPU
		{D10E3D84-64C0-490C-BB5D-351E3F7DE4BE}.Debug|Any CPU.ActiveCfg = Debug|Any CPU
		{D10E3D84-64C0-490C-BB5D-351E3F7DE4BE}.Debug|Any CPU.Build.0 = Debug|Any CPU
		{D10E3D84-64C0-490C-BB5D-351E3F7DE4BE}.Release|Any CPU.ActiveCfg = Release|Any CPU
		{D10E3D84-64C0-490C-BB5D-351E3F7DE4BE}.Release|Any CPU.Build.0 = Release|Any CPU
		{2EF0B4EE-3C89-4728-A8D0-A62D94496A78}.Debug|Any CPU.ActiveCfg = Debug|Any CPU
		{2EF0B4EE-3C89-4728-A8D0-A62D94496A78}.Debug|Any CPU.Build.0 = Debug|Any CPU
		{2EF0B4EE-3C89-4728-A8D0-A62D94496A78}.Release|Any CPU.ActiveCfg = Release|Any CPU
		{2EF0B4EE-3C89-4728-A8D0-A62D94496A78}.Release|Any CPU.Build.0 = Release|Any CPU
		{A4DAE7CD-33CA-4C12-8CB2-61FA7C320814}.Debug|Any CPU.ActiveCfg = Debug|Any CPU
		{A4DAE7CD-33CA-4C12-8CB2-61FA7C320814}.Debug|Any CPU.Build.0 = Debug|Any CPU
		{A4DAE7CD-33CA-4C12-8CB2-61FA7C320814}.Release|Any CPU.ActiveCfg = Release|Any CPU
		{A4DAE7CD-33CA-4C12-8CB2-61FA7C320814}.Release|Any CPU.Build.0 = Release|Any CPU
		{C11B0F85-BE99-43B6-A423-0DF5B74EACEA}.Debug|Any CPU.ActiveCfg = Debug|Any CPU
		{C11B0F85-BE99-43B6-A423-0DF5B74EACEA}.Debug|Any CPU.Build.0 = Debug|Any CPU
		{C11B0F85-BE99-43B6-A423-0DF5B74EACEA}.Release|Any CPU.ActiveCfg = Release|Any CPU
		{C11B0F85-BE99-43B6-A423-0DF5B74EACEA}.Release|Any CPU.Build.0 = Release|Any CPU
	EndGlobalSection
	GlobalSection(SolutionProperties) = preSolution
		HideSolutionNode = FALSE
	EndGlobalSection
	GlobalSection(ExtensibilityGlobals) = postSolution
		SolutionGuid = {1FCCBE23-344B-46C7-B936-7698711B3E76}
	EndGlobalSection
EndGlobal
