
Microsoft Visual Studio Solution File, Format Version 12.00
# Visual Studio Version 17
VisualStudioVersion = 17.0.31912.275
MinimumVisualStudioVersion = 10.0.40219.1
Project("{9A19103F-16F7-4668-BE54-9A1E7A4F7556}") = "Day01-01", "Day01-01\Day01-01.csproj", "{129D2D7F-FD03-46DE-9CDE-D50E795AA80E}"
EndProject
Project("{9A19103F-16F7-4668-BE54-9A1E7A4F7556}") = "Day01-02", "Day01-02\Day01-02.csproj", "{B52090C5-293D-4EE2-A53C-DA6FE5D7E3ED}"
EndProject
Project("{9A19103F-16F7-4668-BE54-9A1E7A4F7556}") = "Day02-01", "Day02-01\Day02-01.csproj", "{C0EDBAC8-3C29-4202-A880-96544A4B8A7C}"
EndProject
Project("{9A19103F-16F7-4668-BE54-9A1E7A4F7556}") = "Day02-02", "Day02-02\Day02-02.csproj", "{633D26BF-030C-48DB-B5B6-2410BAEBCCCE}"
EndProject
Project("{2150E333-8FDC-42A3-9474-1A3956D46DE8}") = "Solution Items", "Solution Items", "{C272642D-0367-4D8B-B08F-AA0B2CBBF845}"
	ProjectSection(SolutionItems) = preProject
		.gitattributes = .gitattributes
		.gitignore = .gitignore
	EndProjectSection
EndProject
Project("{9A19103F-16F7-4668-BE54-9A1E7A4F7556}") = "Day03-01", "Day03-01\Day03-01.csproj", "{D10E3D84-64C0-490C-BB5D-351E3F7DE4BE}"
EndProject
Project("{9A19103F-16F7-4668-BE54-9A1E7A4F7556}") = "Day03-02", "Day03-02\Day03-02.csproj", "{2EF0B4EE-3C89-4728-A8D0-A62D94496A78}"
EndProject
Project("{9A19103F-16F7-4668-BE54-9A1E7A4F7556}") = "Day04-01", "Day04-01\Day04-01.csproj", "{A4DAE7CD-33CA-4C12-8CB2-61FA7C320814}"
EndProject
Project("{9A19103F-16F7-4668-BE54-9A1E7A4F7556}") = "Day04-02", "Day04-02\Day04-02.csproj", "{C11B0F85-BE99-43B6-A423-0DF5B74EACEA}"
EndProject
Project("{9A19103F-16F7-4668-BE54-9A1E7A4F7556}") = "Day05-01", "Day05-01\Day05-01.csproj", "{E4950885-8652-4C97-A1F9-66C23B777C69}"
EndProject
Project("{9A19103F-16F7-4668-BE54-9A1E7A4F7556}") = "Day05-02", "Day05-02\Day05-02.csproj", "{1FE32173-97C9-40EC-B523-092CD0F4C877}"
EndProject
Project("{9A19103F-16F7-4668-BE54-9A1E7A4F7556}") = "Day06-01", "Day06-01\Day06-01.csproj", "{B612616E-1C13-426F-A342-81B4DDE2BC35}"
EndProject
Project("{9A19103F-16F7-4668-BE54-9A1E7A4F7556}") = "Day06-02", "Day06-02\Day06-02.csproj", "{023A8B41-0C1E-4D17-BC24-04EF8711F1DF}"
EndProject
Project("{9A19103F-16F7-4668-BE54-9A1E7A4F7556}") = "Day07-01", "Day07-01\Day07-01.csproj", "{791CBDFA-D676-43AF-AE0E-5E5ED9B891B2}"
EndProject
Project("{9A19103F-16F7-4668-BE54-9A1E7A4F7556}") = "Day07-02", "Day07-02\Day07-02.csproj", "{3FC22A57-1B7B-4248-BDAD-1164F20F64FF}"
EndProject
Project("{9A19103F-16F7-4668-BE54-9A1E7A4F7556}") = "Day08-01", "Day08-01\Day08-01.csproj", "{F5D16B1C-9D32-4374-93E1-61AD15250473}"
EndProject
Project("{9A19103F-16F7-4668-BE54-9A1E7A4F7556}") = "Day08-02", "Day08-02\Day08-02.csproj", "{7CFFC9D8-7EA5-4B07-AB7F-CD62E7324069}"
EndProject
Project("{9A19103F-16F7-4668-BE54-9A1E7A4F7556}") = "Day09-01", "Day09-01\Day09-01.csproj", "{587B3268-140E-43A9-807E-9A89AC951D8D}"
EndProject
Project("{FAE04EC0-301F-11D3-BF4B-00C04F79EFBC}") = "Day09-02", "Day09-02\Day09-02.csproj", "{98A8A8D0-538B-4CB8-A886-79FE45608F28}"
EndProject
Global
	GlobalSection(SolutionConfigurationPlatforms) = preSolution
		Debug|Any CPU = Debug|Any CPU
		Release|Any CPU = Release|Any CPU
	EndGlobalSection
	GlobalSection(ProjectConfigurationPlatforms) = postSolution
		{129D2D7F-FD03-46DE-9CDE-D50E795AA80E}.Debug|Any CPU.ActiveCfg = Debug|Any CPU
		{129D2D7F-FD03-46DE-9CDE-D50E795AA80E}.Debug|Any CPU.Build.0 = Debug|Any CPU
		{129D2D7F-FD03-46DE-9CDE-D50E795AA80E}.Release|Any CPU.ActiveCfg = Release|Any CPU
		{129D2D7F-FD03-46DE-9CDE-D50E795AA80E}.Release|Any CPU.Build.0 = Release|Any CPU
		{B52090C5-293D-4EE2-A53C-DA6FE5D7E3ED}.Debug|Any CPU.ActiveCfg = Debug|Any CPU
		{B52090C5-293D-4EE2-A53C-DA6FE5D7E3ED}.Debug|Any CPU.Build.0 = Debug|Any CPU
		{B52090C5-293D-4EE2-A53C-DA6FE5D7E3ED}.Release|Any CPU.ActiveCfg = Release|Any CPU
		{B52090C5-293D-4EE2-A53C-DA6FE5D7E3ED}.Release|Any CPU.Build.0 = Release|Any CPU
		{C0EDBAC8-3C29-4202-A880-96544A4B8A7C}.Debug|Any CPU.ActiveCfg = Debug|Any CPU
		{C0EDBAC8-3C29-4202-A880-96544A4B8A7C}.Debug|Any CPU.Build.0 = Debug|Any CPU
		{C0EDBAC8-3C29-4202-A880-96544A4B8A7C}.Release|Any CPU.ActiveCfg = Release|Any CPU
		{C0EDBAC8-3C29-4202-A880-96544A4B8A7C}.Release|Any CPU.Build.0 = Release|Any CPU
		{633D26BF-030C-48DB-B5B6-2410BAEBCCCE}.Debug|Any CPU.ActiveCfg = Debug|Any CPU
		{633D26BF-030C-48DB-B5B6-2410BAEBCCCE}.Debug|Any CPU.Build.0 = Debug|Any CPU
		{633D26BF-030C-48DB-B5B6-2410BAEBCCCE}.Release|Any CPU.ActiveCfg = Release|Any CPU
		{633D26BF-030C-48DB-B5B6-2410BAEBCCCE}.Release|Any CPU.Build.0 = Release|Any CPU
		{D10E3D84-64C0-490C-BB5D-351E3F7DE4BE}.Debug|Any CPU.ActiveCfg = Debug|Any CPU
		{D10E3D84-64C0-490C-BB5D-351E3F7DE4BE}.Debug|Any CPU.Build.0 = Debug|Any CPU
		{D10E3D84-64C0-490C-BB5D-351E3F7DE4BE}.Release|Any CPU.ActiveCfg = Release|Any CPU
		{D10E3D84-64C0-490C-BB5D-351E3F7DE4BE}.Release|Any CPU.Build.0 = Release|Any CPU
		{2EF0B4EE-3C89-4728-A8D0-A62D94496A78}.Debug|Any CPU.ActiveCfg = Debug|Any CPU
		{2EF0B4EE-3C89-4728-A8D0-A62D94496A78}.Debug|Any CPU.Build.0 = Debug|Any CPU
		{2EF0B4EE-3C89-4728-A8D0-A62D94496A78}.Release|Any CPU.ActiveCfg = Release|Any CPU
		{2EF0B4EE-3C89-4728-A8D0-A62D94496A78}.Release|Any CPU.Build.0 = Release|Any CPU
		{A4DAE7CD-33CA-4C12-8CB2-61FA7C320814}.Debug|Any CPU.ActiveCfg = Debug|Any CPU
		{A4DAE7CD-33CA-4C12-8CB2-61FA7C320814}.Debug|Any CPU.Build.0 = Debug|Any CPU
		{A4DAE7CD-33CA-4C12-8CB2-61FA7C320814}.Release|Any CPU.ActiveCfg = Release|Any CPU
		{A4DAE7CD-33CA-4C12-8CB2-61FA7C320814}.Release|Any CPU.Build.0 = Release|Any CPU
		{C11B0F85-BE99-43B6-A423-0DF5B74EACEA}.Debug|Any CPU.ActiveCfg = Debug|Any CPU
		{C11B0F85-BE99-43B6-A423-0DF5B74EACEA}.Debug|Any CPU.Build.0 = Debug|Any CPU
		{C11B0F85-BE99-43B6-A423-0DF5B74EACEA}.Release|Any CPU.ActiveCfg = Release|Any CPU
		{C11B0F85-BE99-43B6-A423-0DF5B74EACEA}.Release|Any CPU.Build.0 = Release|Any CPU
		{E4950885-8652-4C97-A1F9-66C23B777C69}.Debug|Any CPU.ActiveCfg = Debug|Any CPU
		{E4950885-8652-4C97-A1F9-66C23B777C69}.Debug|Any CPU.Build.0 = Debug|Any CPU
		{E4950885-8652-4C97-A1F9-66C23B777C69}.Release|Any CPU.ActiveCfg = Release|Any CPU
		{E4950885-8652-4C97-A1F9-66C23B777C69}.Release|Any CPU.Build.0 = Release|Any CPU
		{1FE32173-97C9-40EC-B523-092CD0F4C877}.Debug|Any CPU.ActiveCfg = Debug|Any CPU
		{1FE32173-97C9-40EC-B523-092CD0F4C877}.Debug|Any CPU.Build.0 = Debug|Any CPU
		{1FE32173-97C9-40EC-B523-092CD0F4C877}.Release|Any CPU.ActiveCfg = Release|Any CPU
		{1FE32173-97C9-40EC-B523-092CD0F4C877}.Release|Any CPU.Build.0 = Release|Any CPU
		{B612616E-1C13-426F-A342-81B4DDE2BC35}.Debug|Any CPU.ActiveCfg = Debug|Any CPU
		{B612616E-1C13-426F-A342-81B4DDE2BC35}.Debug|Any CPU.Build.0 = Debug|Any CPU
		{B612616E-1C13-426F-A342-81B4DDE2BC35}.Release|Any CPU.ActiveCfg = Release|Any CPU
		{B612616E-1C13-426F-A342-81B4DDE2BC35}.Release|Any CPU.Build.0 = Release|Any CPU
		{023A8B41-0C1E-4D17-BC24-04EF8711F1DF}.Debug|Any CPU.ActiveCfg = Debug|Any CPU
		{023A8B41-0C1E-4D17-BC24-04EF8711F1DF}.Debug|Any CPU.Build.0 = Debug|Any CPU
		{023A8B41-0C1E-4D17-BC24-04EF8711F1DF}.Release|Any CPU.ActiveCfg = Release|Any CPU
		{023A8B41-0C1E-4D17-BC24-04EF8711F1DF}.Release|Any CPU.Build.0 = Release|Any CPU
		{791CBDFA-D676-43AF-AE0E-5E5ED9B891B2}.Debug|Any CPU.ActiveCfg = Debug|Any CPU
		{791CBDFA-D676-43AF-AE0E-5E5ED9B891B2}.Debug|Any CPU.Build.0 = Debug|Any CPU
		{791CBDFA-D676-43AF-AE0E-5E5ED9B891B2}.Release|Any CPU.ActiveCfg = Release|Any CPU
		{791CBDFA-D676-43AF-AE0E-5E5ED9B891B2}.Release|Any CPU.Build.0 = Release|Any CPU
		{3FC22A57-1B7B-4248-BDAD-1164F20F64FF}.Debug|Any CPU.ActiveCfg = Debug|Any CPU
		{3FC22A57-1B7B-4248-BDAD-1164F20F64FF}.Debug|Any CPU.Build.0 = Debug|Any CPU
		{3FC22A57-1B7B-4248-BDAD-1164F20F64FF}.Release|Any CPU.ActiveCfg = Release|Any CPU
		{3FC22A57-1B7B-4248-BDAD-1164F20F64FF}.Release|Any CPU.Build.0 = Release|Any CPU
		{F5D16B1C-9D32-4374-93E1-61AD15250473}.Debug|Any CPU.ActiveCfg = Debug|Any CPU
		{F5D16B1C-9D32-4374-93E1-61AD15250473}.Debug|Any CPU.Build.0 = Debug|Any CPU
		{F5D16B1C-9D32-4374-93E1-61AD15250473}.Release|Any CPU.ActiveCfg = Release|Any CPU
		{F5D16B1C-9D32-4374-93E1-61AD15250473}.Release|Any CPU.Build.0 = Release|Any CPU
		{7CFFC9D8-7EA5-4B07-AB7F-CD62E7324069}.Debug|Any CPU.ActiveCfg = Debug|Any CPU
		{7CFFC9D8-7EA5-4B07-AB7F-CD62E7324069}.Debug|Any CPU.Build.0 = Debug|Any CPU
		{7CFFC9D8-7EA5-4B07-AB7F-CD62E7324069}.Release|Any CPU.ActiveCfg = Release|Any CPU
		{7CFFC9D8-7EA5-4B07-AB7F-CD62E7324069}.Release|Any CPU.Build.0 = Release|Any CPU
		{587B3268-140E-43A9-807E-9A89AC951D8D}.Debug|Any CPU.ActiveCfg = Debug|Any CPU
		{587B3268-140E-43A9-807E-9A89AC951D8D}.Debug|Any CPU.Build.0 = Debug|Any CPU
		{587B3268-140E-43A9-807E-9A89AC951D8D}.Release|Any CPU.ActiveCfg = Release|Any CPU
		{587B3268-140E-43A9-807E-9A89AC951D8D}.Release|Any CPU.Build.0 = Release|Any CPU
		{98A8A8D0-538B-4CB8-A886-79FE45608F28}.Debug|Any CPU.ActiveCfg = Debug|Any CPU
		{98A8A8D0-538B-4CB8-A886-79FE45608F28}.Debug|Any CPU.Build.0 = Debug|Any CPU
		{98A8A8D0-538B-4CB8-A886-79FE45608F28}.Release|Any CPU.ActiveCfg = Release|Any CPU
		{98A8A8D0-538B-4CB8-A886-79FE45608F28}.Release|Any CPU.Build.0 = Release|Any CPU
	EndGlobalSection
	GlobalSection(SolutionProperties) = preSolution
		HideSolutionNode = FALSE
	EndGlobalSection
	GlobalSection(ExtensibilityGlobals) = postSolution
		SolutionGuid = {1FCCBE23-344B-46C7-B936-7698711B3E76}
	EndGlobalSection
EndGlobal
